
Microsoft Visual Studio Solution File, Format Version 12.00
Project("{FAE04EC0-301F-11D3-BF4B-00C04F79EFBC}") = "AppSettingToEnvVar", "AppSettingToEnvVar\AppSettingToEnvVar.csproj", "{9F38C4B7-FEEA-4958-9BB2-DB86DBF79580}"
EndProject
Global
	GlobalSection(SolutionConfigurationPlatforms) = preSolution
		Debug|Any CPU = Debug|Any CPU
		Release|Any CPU = Release|Any CPU
	EndGlobalSection
	GlobalSection(ProjectConfigurationPlatforms) = postSolution
		{9F38C4B7-FEEA-4958-9BB2-DB86DBF79580}.Debug|Any CPU.ActiveCfg = Debug|Any CPU
		{9F38C4B7-FEEA-4958-9BB2-DB86DBF79580}.Debug|Any CPU.Build.0 = Debug|Any CPU
		{9F38C4B7-FEEA-4958-9BB2-DB86DBF79580}.Release|Any CPU.ActiveCfg = Release|Any CPU
		{9F38C4B7-FEEA-4958-9BB2-DB86DBF79580}.Release|Any CPU.Build.0 = Release|Any CPU
	EndGlobalSection
EndGlobal
